// !$*UTF8*$!
{
	archiveVersion = 1;
	classes = {
	};
	objectVersion = 55;
	objects = {

/* Begin PBXBuildFile section */
		7F0E3A8428BFAF730024FDB8 /* ActiveNotificationsViewController.swift in Sources */ = {isa = PBXBuildFile; fileRef = 7F0E3A8328BFAF730024FDB8 /* ActiveNotificationsViewController.swift */; };
		7F0E3A8628BFB1220024FDB8 /* ActiveNotificationTableViewCell.swift in Sources */ = {isa = PBXBuildFile; fileRef = 7F0E3A8528BFB1220024FDB8 /* ActiveNotificationTableViewCell.swift */; };
		7F0E3A8828BFDC2D0024FDB8 /* UINavigationControllerExtension.swift in Sources */ = {isa = PBXBuildFile; fileRef = 7F0E3A8728BFDC2D0024FDB8 /* UINavigationControllerExtension.swift */; };
		7F0E3A8E28BFF9A20024FDB8 /* ToastView.swift in Sources */ = {isa = PBXBuildFile; fileRef = 7F0E3A8D28BFF9A20024FDB8 /* ToastView.swift */; };
		7F0E3A9028BFF9A70024FDB8 /* ToastView.xib in Resources */ = {isa = PBXBuildFile; fileRef = 7F0E3A8F28BFF9A70024FDB8 /* ToastView.xib */; };
		7F0E3A9228C2ADBB0024FDB8 /* EmptyNotificationTableViewCell.swift in Sources */ = {isa = PBXBuildFile; fileRef = 7F0E3A9128C2ADBB0024FDB8 /* EmptyNotificationTableViewCell.swift */; };
		7F2891C528B52E9B00B501B6 /* AppDelegate.swift in Sources */ = {isa = PBXBuildFile; fileRef = 7F2891C428B52E9B00B501B6 /* AppDelegate.swift */; };
		7F2891C728B52E9B00B501B6 /* SceneDelegate.swift in Sources */ = {isa = PBXBuildFile; fileRef = 7F2891C628B52E9B00B501B6 /* SceneDelegate.swift */; };
		7F2891CC28B52E9B00B501B6 /* EnterAddressFlow.storyboard in Resources */ = {isa = PBXBuildFile; fileRef = 7F2891CA28B52E9B00B501B6 /* EnterAddressFlow.storyboard */; };
		7F2891CF28B52E9B00B501B6 /* Yacht.xcdatamodeld in Sources */ = {isa = PBXBuildFile; fileRef = 7F2891CD28B52E9B00B501B6 /* Yacht.xcdatamodeld */; };
		7F2891D128B52EA000B501B6 /* Assets.xcassets in Resources */ = {isa = PBXBuildFile; fileRef = 7F2891D028B52EA000B501B6 /* Assets.xcassets */; };
		7F2891D428B52EA000B501B6 /* LaunchScreen.storyboard in Resources */ = {isa = PBXBuildFile; fileRef = 7F2891D228B52EA000B501B6 /* LaunchScreen.storyboard */; };
		7F2891DF28B52EA000B501B6 /* YachtTests.swift in Sources */ = {isa = PBXBuildFile; fileRef = 7F2891DE28B52EA000B501B6 /* YachtTests.swift */; };
		7F2891E928B52EA000B501B6 /* YachtUITests.swift in Sources */ = {isa = PBXBuildFile; fileRef = 7F2891E828B52EA000B501B6 /* YachtUITests.swift */; };
		7F2891EB28B52EA000B501B6 /* YachtUITestsLaunchTests.swift in Sources */ = {isa = PBXBuildFile; fileRef = 7F2891EA28B52EA000B501B6 /* YachtUITestsLaunchTests.swift */; };
		7F28920028B5346200B501B6 /* BookmaniaRegular.otf in Resources */ = {isa = PBXBuildFile; fileRef = 7F2891FA28B5346200B501B6 /* BookmaniaRegular.otf */; };
		7F28920128B5346200B501B6 /* Akkurat-Light.otf in Resources */ = {isa = PBXBuildFile; fileRef = 7F2891FB28B5346200B501B6 /* Akkurat-Light.otf */; };
		7F28920228B5346200B501B6 /* Akkurat-Regular.ttf in Resources */ = {isa = PBXBuildFile; fileRef = 7F2891FC28B5346200B501B6 /* Akkurat-Regular.ttf */; };
		7F28920328B5346200B501B6 /* Akkurat-Bold.otf in Resources */ = {isa = PBXBuildFile; fileRef = 7F2891FD28B5346200B501B6 /* Akkurat-Bold.otf */; };
		7F28920428B5346200B501B6 /* Akkurat-Light-Italic.otf in Resources */ = {isa = PBXBuildFile; fileRef = 7F2891FE28B5346200B501B6 /* Akkurat-Light-Italic.otf */; };
		7F28920528B5346200B501B6 /* Akkurat-Bold-Italic.otf in Resources */ = {isa = PBXBuildFile; fileRef = 7F2891FF28B5346200B501B6 /* Akkurat-Bold-Italic.otf */; };
		7F28920828B5394900B501B6 /* EnterAddressViewController.swift in Sources */ = {isa = PBXBuildFile; fileRef = 7F28920728B5394900B501B6 /* EnterAddressViewController.swift */; };
		7F28920B28B53A0000B501B6 /* QRScannerViewController.swift in Sources */ = {isa = PBXBuildFile; fileRef = 7F28920A28B53A0000B501B6 /* QRScannerViewController.swift */; };
		7F5F833728B66358008B8EDB /* EnterAddressViewControllerTests.swift in Sources */ = {isa = PBXBuildFile; fileRef = 7F5F833628B66358008B8EDB /* EnterAddressViewControllerTests.swift */; };
		7F5F833C28B6BC21008B8EDB /* Constants.swift in Sources */ = {isa = PBXBuildFile; fileRef = 7F5F833B28B6BC21008B8EDB /* Constants.swift */; };
		7F5F833E28B6C4F3008B8EDB /* EnterNicknameViewController.swift in Sources */ = {isa = PBXBuildFile; fileRef = 7F5F833D28B6C4F3008B8EDB /* EnterNicknameViewController.swift */; };
		7F5F834428B70D5F008B8EDB /* AddressTableViewCell.swift in Sources */ = {isa = PBXBuildFile; fileRef = 7F5F834328B70D5F008B8EDB /* AddressTableViewCell.swift */; };
		7F5F834628B70DD0008B8EDB /* AddressesListViewController.swift in Sources */ = {isa = PBXBuildFile; fileRef = 7F5F834528B70DD0008B8EDB /* AddressesListViewController.swift */; };
		7F5F834828B7A7FA008B8EDB /* Addresses.storyboard in Resources */ = {isa = PBXBuildFile; fileRef = 7F5F834728B7A7FA008B8EDB /* Addresses.storyboard */; };
		7F5F834B28B7C263008B8EDB /* AccountDetailViewController.swift in Sources */ = {isa = PBXBuildFile; fileRef = 7F5F834A28B7C263008B8EDB /* AccountDetailViewController.swift */; };
		7F5F834E28B7C461008B8EDB /* EulerDepositCollectionViewCell.xib in Resources */ = {isa = PBXBuildFile; fileRef = 7F5F834D28B7C461008B8EDB /* EulerDepositCollectionViewCell.xib */; };
		7F5F835028B7C47D008B8EDB /* EulerLoanCollectionViewCell.xib in Resources */ = {isa = PBXBuildFile; fileRef = 7F5F834F28B7C47D008B8EDB /* EulerLoanCollectionViewCell.xib */; };
		7F5F835228B7C5E4008B8EDB /* EulerDepositCollectionViewCell.swift in Sources */ = {isa = PBXBuildFile; fileRef = 7F5F835128B7C5E4008B8EDB /* EulerDepositCollectionViewCell.swift */; };
		7F5F835428B7C75F008B8EDB /* EulerLoanCollectionViewCell.swift in Sources */ = {isa = PBXBuildFile; fileRef = 7F5F835328B7C75F008B8EDB /* EulerLoanCollectionViewCell.swift */; };
		7F5F835628B7C850008B8EDB /* LendingDepositTableViewCell.swift in Sources */ = {isa = PBXBuildFile; fileRef = 7F5F835528B7C84F008B8EDB /* LendingDepositTableViewCell.swift */; };
		7F5F835828B7C856008B8EDB /* LendingLoanTableViewCell.swift in Sources */ = {isa = PBXBuildFile; fileRef = 7F5F835728B7C856008B8EDB /* LendingLoanTableViewCell.swift */; };
		7F5F835A28B7CBA6008B8EDB /* Helpers.swift in Sources */ = {isa = PBXBuildFile; fileRef = 7F5F835928B7CBA6008B8EDB /* Helpers.swift */; };
		7F5F835C28B7D628008B8EDB /* HealthScoreTableViewCell.swift in Sources */ = {isa = PBXBuildFile; fileRef = 7F5F835B28B7D628008B8EDB /* HealthScoreTableViewCell.swift */; };
		7F5F835E28B7E5C2008B8EDB /* AssetTableViewCell.swift in Sources */ = {isa = PBXBuildFile; fileRef = 7F5F835D28B7E5C2008B8EDB /* AssetTableViewCell.swift */; };
		7F5F836028B80EDC008B8EDB /* HealthNotificationViewController.swift in Sources */ = {isa = PBXBuildFile; fileRef = 7F5F835F28B80EDC008B8EDB /* HealthNotificationViewController.swift */; };
		7F5F836428B82AA5008B8EDB /* IRNotificationViewController.swift in Sources */ = {isa = PBXBuildFile; fileRef = 7F5F836328B82AA5008B8EDB /* IRNotificationViewController.swift */; };
		7F5F836628B8482E008B8EDB /* Settings.storyboard in Resources */ = {isa = PBXBuildFile; fileRef = 7F5F836528B8482E008B8EDB /* Settings.storyboard */; };
		7F5F836A28B84908008B8EDB /* SettingsViewController.swift in Sources */ = {isa = PBXBuildFile; fileRef = 7F5F836928B84908008B8EDB /* SettingsViewController.swift */; };
		7F5F836D28B84951008B8EDB /* HomeViewController.swift in Sources */ = {isa = PBXBuildFile; fileRef = 7F5F836C28B84951008B8EDB /* HomeViewController.swift */; };
		7F5F836F28B90B75008B8EDB /* SettingNetworkTableViewCell.swift in Sources */ = {isa = PBXBuildFile; fileRef = 7F5F836E28B90B75008B8EDB /* SettingNetworkTableViewCell.swift */; };
		7F5F837128B90B85008B8EDB /* SettingNotificationTableViewCell.swift in Sources */ = {isa = PBXBuildFile; fileRef = 7F5F837028B90B85008B8EDB /* SettingNotificationTableViewCell.swift */; };
		7F5F837328B91963008B8EDB /* NetworkSelectTableViewCell.swift in Sources */ = {isa = PBXBuildFile; fileRef = 7F5F837228B91963008B8EDB /* NetworkSelectTableViewCell.swift */; };
		7F5F837528B91A65008B8EDB /* NetworkSelectViewController.swift in Sources */ = {isa = PBXBuildFile; fileRef = 7F5F837428B91A65008B8EDB /* NetworkSelectViewController.swift */; };
		7F5F837828B91C91008B8EDB /* LocalStorageManager.swift in Sources */ = {isa = PBXBuildFile; fileRef = 7F5F837728B91C91008B8EDB /* LocalStorageManager.swift */; };
		7F5F837D28B947BD008B8EDB /* EulerToken.swift in Sources */ = {isa = PBXBuildFile; fileRef = 7F5F837C28B947BD008B8EDB /* EulerToken.swift */; };
		7F5F838628B94B69008B8EDB /* URLParameterEncoder.swift in Sources */ = {isa = PBXBuildFile; fileRef = 7F5F838328B94B68008B8EDB /* URLParameterEncoder.swift */; };
		7F5F838728B94B69008B8EDB /* ParameterEncoding.swift in Sources */ = {isa = PBXBuildFile; fileRef = 7F5F838428B94B69008B8EDB /* ParameterEncoding.swift */; };
		7F5F838828B94B69008B8EDB /* JSONParameterEncoder.swift in Sources */ = {isa = PBXBuildFile; fileRef = 7F5F838528B94B69008B8EDB /* JSONParameterEncoder.swift */; };
		7F5F838C28B94B87008B8EDB /* NotificationServiceAPI.swift in Sources */ = {isa = PBXBuildFile; fileRef = 7F5F838928B94B86008B8EDB /* NotificationServiceAPI.swift */; };
		7F5F839028B94B8F008B8EDB /* NetworkManager.swift in Sources */ = {isa = PBXBuildFile; fileRef = 7F5F838F28B94B8F008B8EDB /* NetworkManager.swift */; };
		7F5F839628B94B9A008B8EDB /* Router.swift in Sources */ = {isa = PBXBuildFile; fileRef = 7F5F839128B94B9A008B8EDB /* Router.swift */; };
		7F5F839728B94B9A008B8EDB /* HTTPTask.swift in Sources */ = {isa = PBXBuildFile; fileRef = 7F5F839228B94B9A008B8EDB /* HTTPTask.swift */; };
		7F5F839828B94B9A008B8EDB /* EndPointType.swift in Sources */ = {isa = PBXBuildFile; fileRef = 7F5F839328B94B9A008B8EDB /* EndPointType.swift */; };
		7F5F839928B94B9A008B8EDB /* HTTPMethod.swift in Sources */ = {isa = PBXBuildFile; fileRef = 7F5F839428B94B9A008B8EDB /* HTTPMethod.swift */; };
		7F5F839A28B94B9A008B8EDB /* NetworkRouter.swift in Sources */ = {isa = PBXBuildFile; fileRef = 7F5F839528B94B9A008B8EDB /* NetworkRouter.swift */; };
		7F5F839C28B9671F008B8EDB /* Account.swift in Sources */ = {isa = PBXBuildFile; fileRef = 7F5F839B28B9671F008B8EDB /* Account.swift */; };
		7F5F839E28B9B04B008B8EDB /* EulerNotificationHealth.swift in Sources */ = {isa = PBXBuildFile; fileRef = 7F5F839D28B9B04B008B8EDB /* EulerNotificationHealth.swift */; };
		7F5F83A028B9B15E008B8EDB /* EulerNotificationIR.swift in Sources */ = {isa = PBXBuildFile; fileRef = 7F5F839F28B9B15E008B8EDB /* EulerNotificationIR.swift */; };
		7F5F83A228BCFEE2008B8EDB /* EulerLoan.swift in Sources */ = {isa = PBXBuildFile; fileRef = 7F5F83A128BCFEE2008B8EDB /* EulerLoan.swift */; };
		7F5F83A428BD0586008B8EDB /* EulerAccount.swift in Sources */ = {isa = PBXBuildFile; fileRef = 7F5F83A328BD0586008B8EDB /* EulerAccount.swift */; };
		7F5F83A628BE658D008B8EDB /* SupplyNotificationViewController.swift in Sources */ = {isa = PBXBuildFile; fileRef = 7F5F83A528BE658D008B8EDB /* SupplyNotificationViewController.swift */; };
		7F5F83AA28BE70A3008B8EDB /* NotifyThresholdTableViewCell.swift in Sources */ = {isa = PBXBuildFile; fileRef = 7F5F83A928BE70A3008B8EDB /* NotifyThresholdTableViewCell.swift */; };
		7F5F83AC28BE712D008B8EDB /* SetIRNotificationViewController.swift in Sources */ = {isa = PBXBuildFile; fileRef = 7F5F83AB28BE712D008B8EDB /* SetIRNotificationViewController.swift */; };
		7FEA2D8228C7B71900FF6DAB /* SearchTableViewCell.swift in Sources */ = {isa = PBXBuildFile; fileRef = 7FEA2D8128C7B71900FF6DAB /* SearchTableViewCell.swift */; };
		7FEA2D8428C7ED6000FF6DAB /* CopyAddressTableViewCell.swift in Sources */ = {isa = PBXBuildFile; fileRef = 7FEA2D8328C7ED6000FF6DAB /* CopyAddressTableViewCell.swift */; };
		7FEA2D8628CA50D500FF6DAB /* SubAccountSelectViewController.swift in Sources */ = {isa = PBXBuildFile; fileRef = 7FEA2D8528CA50D500FF6DAB /* SubAccountSelectViewController.swift */; };
/* End PBXBuildFile section */

/* Begin PBXContainerItemProxy section */
		7F2891DB28B52EA000B501B6 /* PBXContainerItemProxy */ = {
			isa = PBXContainerItemProxy;
			containerPortal = 7F2891B928B52E9B00B501B6 /* Project object */;
			proxyType = 1;
			remoteGlobalIDString = 7F2891C028B52E9B00B501B6;
			remoteInfo = Yacht;
		};
		7F2891E528B52EA000B501B6 /* PBXContainerItemProxy */ = {
			isa = PBXContainerItemProxy;
			containerPortal = 7F2891B928B52E9B00B501B6 /* Project object */;
			proxyType = 1;
			remoteGlobalIDString = 7F2891C028B52E9B00B501B6;
			remoteInfo = Yacht;
		};
/* End PBXContainerItemProxy section */

/* Begin PBXFileReference section */
		7F0E3A8328BFAF730024FDB8 /* ActiveNotificationsViewController.swift */ = {isa = PBXFileReference; lastKnownFileType = sourcecode.swift; path = ActiveNotificationsViewController.swift; sourceTree = "<group>"; };
		7F0E3A8528BFB1220024FDB8 /* ActiveNotificationTableViewCell.swift */ = {isa = PBXFileReference; lastKnownFileType = sourcecode.swift; path = ActiveNotificationTableViewCell.swift; sourceTree = "<group>"; };
		7F0E3A8728BFDC2D0024FDB8 /* UINavigationControllerExtension.swift */ = {isa = PBXFileReference; lastKnownFileType = sourcecode.swift; path = UINavigationControllerExtension.swift; sourceTree = "<group>"; };
		7F0E3A8D28BFF9A20024FDB8 /* ToastView.swift */ = {isa = PBXFileReference; fileEncoding = 4; lastKnownFileType = sourcecode.swift; path = ToastView.swift; sourceTree = "<group>"; };
		7F0E3A8F28BFF9A70024FDB8 /* ToastView.xib */ = {isa = PBXFileReference; fileEncoding = 4; lastKnownFileType = file.xib; path = ToastView.xib; sourceTree = "<group>"; };
		7F0E3A9128C2ADBB0024FDB8 /* EmptyNotificationTableViewCell.swift */ = {isa = PBXFileReference; lastKnownFileType = sourcecode.swift; path = EmptyNotificationTableViewCell.swift; sourceTree = "<group>"; };
		7F2891C128B52E9B00B501B6 /* Yacht.app */ = {isa = PBXFileReference; explicitFileType = wrapper.application; includeInIndex = 0; path = Yacht.app; sourceTree = BUILT_PRODUCTS_DIR; };
		7F2891C428B52E9B00B501B6 /* AppDelegate.swift */ = {isa = PBXFileReference; lastKnownFileType = sourcecode.swift; path = AppDelegate.swift; sourceTree = "<group>"; };
		7F2891C628B52E9B00B501B6 /* SceneDelegate.swift */ = {isa = PBXFileReference; lastKnownFileType = sourcecode.swift; path = SceneDelegate.swift; sourceTree = "<group>"; };
		7F2891CB28B52E9B00B501B6 /* Base */ = {isa = PBXFileReference; lastKnownFileType = file.storyboard; name = Base; path = Base.lproj/EnterAddressFlow.storyboard; sourceTree = "<group>"; };
		7F2891CE28B52E9B00B501B6 /* Yacht.xcdatamodel */ = {isa = PBXFileReference; lastKnownFileType = wrapper.xcdatamodel; path = Yacht.xcdatamodel; sourceTree = "<group>"; };
		7F2891D028B52EA000B501B6 /* Assets.xcassets */ = {isa = PBXFileReference; lastKnownFileType = folder.assetcatalog; path = Assets.xcassets; sourceTree = "<group>"; };
		7F2891D328B52EA000B501B6 /* Base */ = {isa = PBXFileReference; lastKnownFileType = file.storyboard; name = Base; path = Base.lproj/LaunchScreen.storyboard; sourceTree = "<group>"; };
		7F2891D528B52EA000B501B6 /* Info.plist */ = {isa = PBXFileReference; lastKnownFileType = text.plist.xml; path = Info.plist; sourceTree = "<group>"; };
		7F2891DA28B52EA000B501B6 /* YachtTests.xctest */ = {isa = PBXFileReference; explicitFileType = wrapper.cfbundle; includeInIndex = 0; path = YachtTests.xctest; sourceTree = BUILT_PRODUCTS_DIR; };
		7F2891DE28B52EA000B501B6 /* YachtTests.swift */ = {isa = PBXFileReference; lastKnownFileType = sourcecode.swift; path = YachtTests.swift; sourceTree = "<group>"; };
		7F2891E428B52EA000B501B6 /* YachtUITests.xctest */ = {isa = PBXFileReference; explicitFileType = wrapper.cfbundle; includeInIndex = 0; path = YachtUITests.xctest; sourceTree = BUILT_PRODUCTS_DIR; };
		7F2891E828B52EA000B501B6 /* YachtUITests.swift */ = {isa = PBXFileReference; lastKnownFileType = sourcecode.swift; path = YachtUITests.swift; sourceTree = "<group>"; };
		7F2891EA28B52EA000B501B6 /* YachtUITestsLaunchTests.swift */ = {isa = PBXFileReference; lastKnownFileType = sourcecode.swift; path = YachtUITestsLaunchTests.swift; sourceTree = "<group>"; };
		7F2891FA28B5346200B501B6 /* BookmaniaRegular.otf */ = {isa = PBXFileReference; lastKnownFileType = file; path = BookmaniaRegular.otf; sourceTree = "<group>"; };
		7F2891FB28B5346200B501B6 /* Akkurat-Light.otf */ = {isa = PBXFileReference; lastKnownFileType = file; path = "Akkurat-Light.otf"; sourceTree = "<group>"; };
		7F2891FC28B5346200B501B6 /* Akkurat-Regular.ttf */ = {isa = PBXFileReference; lastKnownFileType = file; path = "Akkurat-Regular.ttf"; sourceTree = "<group>"; };
		7F2891FD28B5346200B501B6 /* Akkurat-Bold.otf */ = {isa = PBXFileReference; lastKnownFileType = file; path = "Akkurat-Bold.otf"; sourceTree = "<group>"; };
		7F2891FE28B5346200B501B6 /* Akkurat-Light-Italic.otf */ = {isa = PBXFileReference; lastKnownFileType = file; path = "Akkurat-Light-Italic.otf"; sourceTree = "<group>"; };
		7F2891FF28B5346200B501B6 /* Akkurat-Bold-Italic.otf */ = {isa = PBXFileReference; lastKnownFileType = file; path = "Akkurat-Bold-Italic.otf"; sourceTree = "<group>"; };
		7F28920728B5394900B501B6 /* EnterAddressViewController.swift */ = {isa = PBXFileReference; lastKnownFileType = sourcecode.swift; path = EnterAddressViewController.swift; sourceTree = "<group>"; };
		7F28920A28B53A0000B501B6 /* QRScannerViewController.swift */ = {isa = PBXFileReference; lastKnownFileType = sourcecode.swift; path = QRScannerViewController.swift; sourceTree = "<group>"; };
		7F5F833628B66358008B8EDB /* EnterAddressViewControllerTests.swift */ = {isa = PBXFileReference; lastKnownFileType = sourcecode.swift; path = EnterAddressViewControllerTests.swift; sourceTree = "<group>"; };
		7F5F833928B697B8008B8EDB /* Yacht.entitlements */ = {isa = PBXFileReference; lastKnownFileType = text.plist.entitlements; path = Yacht.entitlements; sourceTree = "<group>"; };
		7F5F833B28B6BC21008B8EDB /* Constants.swift */ = {isa = PBXFileReference; lastKnownFileType = sourcecode.swift; path = Constants.swift; sourceTree = "<group>"; };
		7F5F833D28B6C4F3008B8EDB /* EnterNicknameViewController.swift */ = {isa = PBXFileReference; lastKnownFileType = sourcecode.swift; path = EnterNicknameViewController.swift; sourceTree = "<group>"; };
		7F5F834328B70D5F008B8EDB /* AddressTableViewCell.swift */ = {isa = PBXFileReference; lastKnownFileType = sourcecode.swift; path = AddressTableViewCell.swift; sourceTree = "<group>"; };
		7F5F834528B70DD0008B8EDB /* AddressesListViewController.swift */ = {isa = PBXFileReference; lastKnownFileType = sourcecode.swift; path = AddressesListViewController.swift; sourceTree = "<group>"; };
		7F5F834728B7A7FA008B8EDB /* Addresses.storyboard */ = {isa = PBXFileReference; lastKnownFileType = file.storyboard; path = Addresses.storyboard; sourceTree = "<group>"; };
		7F5F834A28B7C263008B8EDB /* AccountDetailViewController.swift */ = {isa = PBXFileReference; lastKnownFileType = sourcecode.swift; path = AccountDetailViewController.swift; sourceTree = "<group>"; };
		7F5F834D28B7C461008B8EDB /* EulerDepositCollectionViewCell.xib */ = {isa = PBXFileReference; fileEncoding = 4; lastKnownFileType = file.xib; path = EulerDepositCollectionViewCell.xib; sourceTree = "<group>"; };
		7F5F834F28B7C47D008B8EDB /* EulerLoanCollectionViewCell.xib */ = {isa = PBXFileReference; fileEncoding = 4; lastKnownFileType = file.xib; path = EulerLoanCollectionViewCell.xib; sourceTree = "<group>"; };
		7F5F835128B7C5E4008B8EDB /* EulerDepositCollectionViewCell.swift */ = {isa = PBXFileReference; lastKnownFileType = sourcecode.swift; path = EulerDepositCollectionViewCell.swift; sourceTree = "<group>"; };
		7F5F835328B7C75F008B8EDB /* EulerLoanCollectionViewCell.swift */ = {isa = PBXFileReference; lastKnownFileType = sourcecode.swift; path = EulerLoanCollectionViewCell.swift; sourceTree = "<group>"; };
		7F5F835528B7C84F008B8EDB /* LendingDepositTableViewCell.swift */ = {isa = PBXFileReference; fileEncoding = 4; lastKnownFileType = sourcecode.swift; path = LendingDepositTableViewCell.swift; sourceTree = "<group>"; };
		7F5F835728B7C856008B8EDB /* LendingLoanTableViewCell.swift */ = {isa = PBXFileReference; fileEncoding = 4; lastKnownFileType = sourcecode.swift; path = LendingLoanTableViewCell.swift; sourceTree = "<group>"; };
		7F5F835928B7CBA6008B8EDB /* Helpers.swift */ = {isa = PBXFileReference; fileEncoding = 4; lastKnownFileType = sourcecode.swift; path = Helpers.swift; sourceTree = "<group>"; };
		7F5F835B28B7D628008B8EDB /* HealthScoreTableViewCell.swift */ = {isa = PBXFileReference; lastKnownFileType = sourcecode.swift; path = HealthScoreTableViewCell.swift; sourceTree = "<group>"; };
		7F5F835D28B7E5C2008B8EDB /* AssetTableViewCell.swift */ = {isa = PBXFileReference; lastKnownFileType = sourcecode.swift; path = AssetTableViewCell.swift; sourceTree = "<group>"; };
		7F5F835F28B80EDC008B8EDB /* HealthNotificationViewController.swift */ = {isa = PBXFileReference; lastKnownFileType = sourcecode.swift; path = HealthNotificationViewController.swift; sourceTree = "<group>"; };
		7F5F836328B82AA5008B8EDB /* IRNotificationViewController.swift */ = {isa = PBXFileReference; lastKnownFileType = sourcecode.swift; path = IRNotificationViewController.swift; sourceTree = "<group>"; };
		7F5F836528B8482E008B8EDB /* Settings.storyboard */ = {isa = PBXFileReference; lastKnownFileType = file.storyboard; path = Settings.storyboard; sourceTree = "<group>"; };
		7F5F836928B84908008B8EDB /* SettingsViewController.swift */ = {isa = PBXFileReference; lastKnownFileType = sourcecode.swift; path = SettingsViewController.swift; sourceTree = "<group>"; };
		7F5F836C28B84951008B8EDB /* HomeViewController.swift */ = {isa = PBXFileReference; lastKnownFileType = sourcecode.swift; path = HomeViewController.swift; sourceTree = "<group>"; };
		7F5F836E28B90B75008B8EDB /* SettingNetworkTableViewCell.swift */ = {isa = PBXFileReference; lastKnownFileType = sourcecode.swift; path = SettingNetworkTableViewCell.swift; sourceTree = "<group>"; };
		7F5F837028B90B85008B8EDB /* SettingNotificationTableViewCell.swift */ = {isa = PBXFileReference; lastKnownFileType = sourcecode.swift; path = SettingNotificationTableViewCell.swift; sourceTree = "<group>"; };
		7F5F837228B91963008B8EDB /* NetworkSelectTableViewCell.swift */ = {isa = PBXFileReference; lastKnownFileType = sourcecode.swift; path = NetworkSelectTableViewCell.swift; sourceTree = "<group>"; };
		7F5F837428B91A65008B8EDB /* NetworkSelectViewController.swift */ = {isa = PBXFileReference; lastKnownFileType = sourcecode.swift; path = NetworkSelectViewController.swift; sourceTree = "<group>"; };
		7F5F837728B91C91008B8EDB /* LocalStorageManager.swift */ = {isa = PBXFileReference; lastKnownFileType = sourcecode.swift; path = LocalStorageManager.swift; sourceTree = "<group>"; };
		7F5F837C28B947BD008B8EDB /* EulerToken.swift */ = {isa = PBXFileReference; lastKnownFileType = sourcecode.swift; path = EulerToken.swift; sourceTree = "<group>"; };
		7F5F838328B94B68008B8EDB /* URLParameterEncoder.swift */ = {isa = PBXFileReference; fileEncoding = 4; lastKnownFileType = sourcecode.swift; path = URLParameterEncoder.swift; sourceTree = "<group>"; };
		7F5F838428B94B69008B8EDB /* ParameterEncoding.swift */ = {isa = PBXFileReference; fileEncoding = 4; lastKnownFileType = sourcecode.swift; path = ParameterEncoding.swift; sourceTree = "<group>"; };
		7F5F838528B94B69008B8EDB /* JSONParameterEncoder.swift */ = {isa = PBXFileReference; fileEncoding = 4; lastKnownFileType = sourcecode.swift; path = JSONParameterEncoder.swift; sourceTree = "<group>"; };
		7F5F838928B94B86008B8EDB /* NotificationServiceAPI.swift */ = {isa = PBXFileReference; fileEncoding = 4; lastKnownFileType = sourcecode.swift; path = NotificationServiceAPI.swift; sourceTree = "<group>"; };
		7F5F838F28B94B8F008B8EDB /* NetworkManager.swift */ = {isa = PBXFileReference; fileEncoding = 4; lastKnownFileType = sourcecode.swift; path = NetworkManager.swift; sourceTree = "<group>"; };
		7F5F839128B94B9A008B8EDB /* Router.swift */ = {isa = PBXFileReference; fileEncoding = 4; lastKnownFileType = sourcecode.swift; path = Router.swift; sourceTree = "<group>"; };
		7F5F839228B94B9A008B8EDB /* HTTPTask.swift */ = {isa = PBXFileReference; fileEncoding = 4; lastKnownFileType = sourcecode.swift; path = HTTPTask.swift; sourceTree = "<group>"; };
		7F5F839328B94B9A008B8EDB /* EndPointType.swift */ = {isa = PBXFileReference; fileEncoding = 4; lastKnownFileType = sourcecode.swift; path = EndPointType.swift; sourceTree = "<group>"; };
		7F5F839428B94B9A008B8EDB /* HTTPMethod.swift */ = {isa = PBXFileReference; fileEncoding = 4; lastKnownFileType = sourcecode.swift; path = HTTPMethod.swift; sourceTree = "<group>"; };
		7F5F839528B94B9A008B8EDB /* NetworkRouter.swift */ = {isa = PBXFileReference; fileEncoding = 4; lastKnownFileType = sourcecode.swift; path = NetworkRouter.swift; sourceTree = "<group>"; };
		7F5F839B28B9671F008B8EDB /* Account.swift */ = {isa = PBXFileReference; lastKnownFileType = sourcecode.swift; path = Account.swift; sourceTree = "<group>"; };
		7F5F839D28B9B04B008B8EDB /* EulerNotificationHealth.swift */ = {isa = PBXFileReference; lastKnownFileType = sourcecode.swift; path = EulerNotificationHealth.swift; sourceTree = "<group>"; };
		7F5F839F28B9B15E008B8EDB /* EulerNotificationIR.swift */ = {isa = PBXFileReference; lastKnownFileType = sourcecode.swift; path = EulerNotificationIR.swift; sourceTree = "<group>"; };
		7F5F83A128BCFEE2008B8EDB /* EulerLoan.swift */ = {isa = PBXFileReference; lastKnownFileType = sourcecode.swift; path = EulerLoan.swift; sourceTree = "<group>"; };
		7F5F83A328BD0586008B8EDB /* EulerAccount.swift */ = {isa = PBXFileReference; lastKnownFileType = sourcecode.swift; path = EulerAccount.swift; sourceTree = "<group>"; };
		7F5F83A528BE658D008B8EDB /* SupplyNotificationViewController.swift */ = {isa = PBXFileReference; lastKnownFileType = sourcecode.swift; path = SupplyNotificationViewController.swift; sourceTree = "<group>"; };
		7F5F83A928BE70A3008B8EDB /* NotifyThresholdTableViewCell.swift */ = {isa = PBXFileReference; lastKnownFileType = sourcecode.swift; path = NotifyThresholdTableViewCell.swift; sourceTree = "<group>"; };
		7F5F83AB28BE712D008B8EDB /* SetIRNotificationViewController.swift */ = {isa = PBXFileReference; lastKnownFileType = sourcecode.swift; path = SetIRNotificationViewController.swift; sourceTree = "<group>"; };
		7FEA2D8128C7B71900FF6DAB /* SearchTableViewCell.swift */ = {isa = PBXFileReference; lastKnownFileType = sourcecode.swift; path = SearchTableViewCell.swift; sourceTree = "<group>"; };
		7FEA2D8328C7ED6000FF6DAB /* CopyAddressTableViewCell.swift */ = {isa = PBXFileReference; lastKnownFileType = sourcecode.swift; path = CopyAddressTableViewCell.swift; sourceTree = "<group>"; };
		7FEA2D8528CA50D500FF6DAB /* SubAccountSelectViewController.swift */ = {isa = PBXFileReference; lastKnownFileType = sourcecode.swift; path = SubAccountSelectViewController.swift; sourceTree = "<group>"; };
/* End PBXFileReference section */

/* Begin PBXFrameworksBuildPhase section */
		7F2891BE28B52E9B00B501B6 /* Frameworks */ = {
			isa = PBXFrameworksBuildPhase;
			buildActionMask = 2147483647;
			files = (
			);
			runOnlyForDeploymentPostprocessing = 0;
		};
		7F2891D728B52EA000B501B6 /* Frameworks */ = {
			isa = PBXFrameworksBuildPhase;
			buildActionMask = 2147483647;
			files = (
			);
			runOnlyForDeploymentPostprocessing = 0;
		};
		7F2891E128B52EA000B501B6 /* Frameworks */ = {
			isa = PBXFrameworksBuildPhase;
			buildActionMask = 2147483647;
			files = (
			);
			runOnlyForDeploymentPostprocessing = 0;
		};
/* End PBXFrameworksBuildPhase section */

/* Begin PBXGroup section */
		7F0E3A8928BFF9610024FDB8 /* Views */ = {
			isa = PBXGroup;
			children = (
				7F0E3A8C28BFF9940024FDB8 /* ToastView */,
			);
			path = Views;
			sourceTree = "<group>";
		};
		7F0E3A8C28BFF9940024FDB8 /* ToastView */ = {
			isa = PBXGroup;
			children = (
				7F0E3A8D28BFF9A20024FDB8 /* ToastView.swift */,
				7F0E3A8F28BFF9A70024FDB8 /* ToastView.xib */,
			);
			path = ToastView;
			sourceTree = "<group>";
		};
		7F2891B828B52E9B00B501B6 = {
			isa = PBXGroup;
			children = (
				7F2891C328B52E9B00B501B6 /* Yacht */,
				7F2891DD28B52EA000B501B6 /* YachtTests */,
				7F2891E728B52EA000B501B6 /* YachtUITests */,
				7F2891C228B52E9B00B501B6 /* Products */,
			);
			sourceTree = "<group>";
		};
		7F2891C228B52E9B00B501B6 /* Products */ = {
			isa = PBXGroup;
			children = (
				7F2891C128B52E9B00B501B6 /* Yacht.app */,
				7F2891DA28B52EA000B501B6 /* YachtTests.xctest */,
				7F2891E428B52EA000B501B6 /* YachtUITests.xctest */,
			);
			name = Products;
			sourceTree = "<group>";
		};
		7F2891C328B52E9B00B501B6 /* Yacht */ = {
			isa = PBXGroup;
			children = (
				7F5F833928B697B8008B8EDB /* Yacht.entitlements */,
				7F2891F828B5344200B501B6 /* Assets */,
				7F5F834C28B7C3C6008B8EDB /* CollectionViewCells */,
				7F2891F728B5315800B501B6 /* Storyboards */,
				7F5F834228B70D14008B8EDB /* TableViewCells */,
				7F5F833A28B6BBF0008B8EDB /* Util */,
				7F5F837628B91C6A008B8EDB /* Managers */,
				7F5F837928B94721008B8EDB /* Models */,
				7F5F837E28B94AD6008B8EDB /* Networking */,
				7F0E3A8928BFF9610024FDB8 /* Views */,
				7F28920628B538F400B501B6 /* ViewControllers */,
				7F2891C428B52E9B00B501B6 /* AppDelegate.swift */,
				7F2891C628B52E9B00B501B6 /* SceneDelegate.swift */,
				7F2891D028B52EA000B501B6 /* Assets.xcassets */,
				7F2891D528B52EA000B501B6 /* Info.plist */,
				7F2891CD28B52E9B00B501B6 /* Yacht.xcdatamodeld */,
			);
			path = Yacht;
			sourceTree = "<group>";
		};
		7F2891DD28B52EA000B501B6 /* YachtTests */ = {
			isa = PBXGroup;
			children = (
				7F5F833528B66319008B8EDB /* ViewControllers */,
				7F2891DE28B52EA000B501B6 /* YachtTests.swift */,
			);
			path = YachtTests;
			sourceTree = "<group>";
		};
		7F2891E728B52EA000B501B6 /* YachtUITests */ = {
			isa = PBXGroup;
			children = (
				7F2891E828B52EA000B501B6 /* YachtUITests.swift */,
				7F2891EA28B52EA000B501B6 /* YachtUITestsLaunchTests.swift */,
			);
			path = YachtUITests;
			sourceTree = "<group>";
		};
		7F2891F728B5315800B501B6 /* Storyboards */ = {
			isa = PBXGroup;
			children = (
				7F2891D228B52EA000B501B6 /* LaunchScreen.storyboard */,
				7F2891CA28B52E9B00B501B6 /* EnterAddressFlow.storyboard */,
				7F5F834728B7A7FA008B8EDB /* Addresses.storyboard */,
				7F5F836528B8482E008B8EDB /* Settings.storyboard */,
			);
			path = Storyboards;
			sourceTree = "<group>";
		};
		7F2891F828B5344200B501B6 /* Assets */ = {
			isa = PBXGroup;
			children = (
				7F2891F928B5344F00B501B6 /* Fonts */,
			);
			path = Assets;
			sourceTree = "<group>";
		};
		7F2891F928B5344F00B501B6 /* Fonts */ = {
			isa = PBXGroup;
			children = (
				7F2891FF28B5346200B501B6 /* Akkurat-Bold-Italic.otf */,
				7F2891FD28B5346200B501B6 /* Akkurat-Bold.otf */,
				7F2891FE28B5346200B501B6 /* Akkurat-Light-Italic.otf */,
				7F2891FB28B5346200B501B6 /* Akkurat-Light.otf */,
				7F2891FC28B5346200B501B6 /* Akkurat-Regular.ttf */,
				7F2891FA28B5346200B501B6 /* BookmaniaRegular.otf */,
			);
			path = Fonts;
			sourceTree = "<group>";
		};
		7F28920628B538F400B501B6 /* ViewControllers */ = {
			isa = PBXGroup;
			children = (
				7F5F834928B7AB1A008B8EDB /* Addresses */,
				7F28920928B539DB00B501B6 /* EnterAddressFlow */,
				7F5F836B28B8493C008B8EDB /* Home */,
				7F5F836828B848F2008B8EDB /* Settings */,
			);
			path = ViewControllers;
			sourceTree = "<group>";
		};
		7F28920928B539DB00B501B6 /* EnterAddressFlow */ = {
			isa = PBXGroup;
			children = (
				7F28920728B5394900B501B6 /* EnterAddressViewController.swift */,
				7F28920A28B53A0000B501B6 /* QRScannerViewController.swift */,
				7F5F833D28B6C4F3008B8EDB /* EnterNicknameViewController.swift */,
			);
			path = EnterAddressFlow;
			sourceTree = "<group>";
		};
		7F5F833528B66319008B8EDB /* ViewControllers */ = {
			isa = PBXGroup;
			children = (
				7F5F833828B663DC008B8EDB /* EnterAddressFlow */,
			);
			path = ViewControllers;
			sourceTree = "<group>";
		};
		7F5F833828B663DC008B8EDB /* EnterAddressFlow */ = {
			isa = PBXGroup;
			children = (
				7F5F833628B66358008B8EDB /* EnterAddressViewControllerTests.swift */,
			);
			path = EnterAddressFlow;
			sourceTree = "<group>";
		};
		7F5F833A28B6BBF0008B8EDB /* Util */ = {
			isa = PBXGroup;
			children = (
				7F5F835928B7CBA6008B8EDB /* Helpers.swift */,
				7F5F833B28B6BC21008B8EDB /* Constants.swift */,
				7F0E3A8728BFDC2D0024FDB8 /* UINavigationControllerExtension.swift */,
			);
			path = Util;
			sourceTree = "<group>";
		};
		7F5F834228B70D14008B8EDB /* TableViewCells */ = {
			isa = PBXGroup;
			children = (
				7F5F834328B70D5F008B8EDB /* AddressTableViewCell.swift */,
				7F5F835528B7C84F008B8EDB /* LendingDepositTableViewCell.swift */,
				7F5F835728B7C856008B8EDB /* LendingLoanTableViewCell.swift */,
				7F5F835B28B7D628008B8EDB /* HealthScoreTableViewCell.swift */,
				7F5F835D28B7E5C2008B8EDB /* AssetTableViewCell.swift */,
				7F5F836E28B90B75008B8EDB /* SettingNetworkTableViewCell.swift */,
				7F5F837028B90B85008B8EDB /* SettingNotificationTableViewCell.swift */,
				7F5F837228B91963008B8EDB /* NetworkSelectTableViewCell.swift */,
				7F5F83A928BE70A3008B8EDB /* NotifyThresholdTableViewCell.swift */,
				7F0E3A8528BFB1220024FDB8 /* ActiveNotificationTableViewCell.swift */,
				7F0E3A9128C2ADBB0024FDB8 /* EmptyNotificationTableViewCell.swift */,
				7FEA2D8128C7B71900FF6DAB /* SearchTableViewCell.swift */,
				7FEA2D8328C7ED6000FF6DAB /* CopyAddressTableViewCell.swift */,
			);
			path = TableViewCells;
			sourceTree = "<group>";
		};
		7F5F834928B7AB1A008B8EDB /* Addresses */ = {
			isa = PBXGroup;
			children = (
				7F5F834528B70DD0008B8EDB /* AddressesListViewController.swift */,
				7F5F834A28B7C263008B8EDB /* AccountDetailViewController.swift */,
				7F5F835F28B80EDC008B8EDB /* HealthNotificationViewController.swift */,
				7F5F836328B82AA5008B8EDB /* IRNotificationViewController.swift */,
				7F5F83A528BE658D008B8EDB /* SupplyNotificationViewController.swift */,
				7F5F83AB28BE712D008B8EDB /* SetIRNotificationViewController.swift */,
				7FEA2D8528CA50D500FF6DAB /* SubAccountSelectViewController.swift */,
			);
			path = Addresses;
			sourceTree = "<group>";
		};
		7F5F834C28B7C3C6008B8EDB /* CollectionViewCells */ = {
			isa = PBXGroup;
			children = (
				7F5F835128B7C5E4008B8EDB /* EulerDepositCollectionViewCell.swift */,
				7F5F834D28B7C461008B8EDB /* EulerDepositCollectionViewCell.xib */,
				7F5F835328B7C75F008B8EDB /* EulerLoanCollectionViewCell.swift */,
				7F5F834F28B7C47D008B8EDB /* EulerLoanCollectionViewCell.xib */,
			);
			path = CollectionViewCells;
			sourceTree = "<group>";
		};
		7F5F836828B848F2008B8EDB /* Settings */ = {
			isa = PBXGroup;
			children = (
				7F5F836928B84908008B8EDB /* SettingsViewController.swift */,
				7F5F837428B91A65008B8EDB /* NetworkSelectViewController.swift */,
				7F0E3A8328BFAF730024FDB8 /* ActiveNotificationsViewController.swift */,
			);
			path = Settings;
			sourceTree = "<group>";
		};
		7F5F836B28B8493C008B8EDB /* Home */ = {
			isa = PBXGroup;
			children = (
				7F5F836C28B84951008B8EDB /* HomeViewController.swift */,
			);
			path = Home;
			sourceTree = "<group>";
		};
		7F5F837628B91C6A008B8EDB /* Managers */ = {
			isa = PBXGroup;
			children = (
				7F5F837728B91C91008B8EDB /* LocalStorageManager.swift */,
			);
			path = Managers;
			sourceTree = "<group>";
		};
		7F5F837928B94721008B8EDB /* Models */ = {
			isa = PBXGroup;
			children = (
				7F5F839B28B9671F008B8EDB /* Account.swift */,
				7F5F83A328BD0586008B8EDB /* EulerAccount.swift */,
				7F5F83A128BCFEE2008B8EDB /* EulerLoan.swift */,
				7F5F839D28B9B04B008B8EDB /* EulerNotificationHealth.swift */,
				7F5F839F28B9B15E008B8EDB /* EulerNotificationIR.swift */,
				7F5F837C28B947BD008B8EDB /* EulerToken.swift */,
			);
			path = Models;
			sourceTree = "<group>";
		};
		7F5F837E28B94AD6008B8EDB /* Networking */ = {
			isa = PBXGroup;
			children = (
				7F5F838228B94B56008B8EDB /* Service */,
				7F5F838128B94B4E008B8EDB /* Manager */,
				7F5F838028B94B3B008B8EDB /* Endpoint */,
				7F5F837F28B94B2B008B8EDB /* Encoding */,
			);
			path = Networking;
			sourceTree = "<group>";
		};
		7F5F837F28B94B2B008B8EDB /* Encoding */ = {
			isa = PBXGroup;
			children = (
				7F5F838528B94B69008B8EDB /* JSONParameterEncoder.swift */,
				7F5F838428B94B69008B8EDB /* ParameterEncoding.swift */,
				7F5F838328B94B68008B8EDB /* URLParameterEncoder.swift */,
			);
			path = Encoding;
			sourceTree = "<group>";
		};
		7F5F838028B94B3B008B8EDB /* Endpoint */ = {
			isa = PBXGroup;
			children = (
				7F5F838928B94B86008B8EDB /* NotificationServiceAPI.swift */,
			);
			path = Endpoint;
			sourceTree = "<group>";
		};
		7F5F838128B94B4E008B8EDB /* Manager */ = {
			isa = PBXGroup;
			children = (
				7F5F838F28B94B8F008B8EDB /* NetworkManager.swift */,
			);
			path = Manager;
			sourceTree = "<group>";
		};
		7F5F838228B94B56008B8EDB /* Service */ = {
			isa = PBXGroup;
			children = (
				7F5F839328B94B9A008B8EDB /* EndPointType.swift */,
				7F5F839428B94B9A008B8EDB /* HTTPMethod.swift */,
				7F5F839228B94B9A008B8EDB /* HTTPTask.swift */,
				7F5F839528B94B9A008B8EDB /* NetworkRouter.swift */,
				7F5F839128B94B9A008B8EDB /* Router.swift */,
			);
			path = Service;
			sourceTree = "<group>";
		};
/* End PBXGroup section */

/* Begin PBXNativeTarget section */
		7F2891C028B52E9B00B501B6 /* Yacht */ = {
			isa = PBXNativeTarget;
			buildConfigurationList = 7F2891EE28B52EA000B501B6 /* Build configuration list for PBXNativeTarget "Yacht" */;
			buildPhases = (
				7F2891BD28B52E9B00B501B6 /* Sources */,
				7F2891BE28B52E9B00B501B6 /* Frameworks */,
				7F2891BF28B52E9B00B501B6 /* Resources */,
			);
			buildRules = (
			);
			dependencies = (
			);
			name = Yacht;
			productName = Yacht;
			productReference = 7F2891C128B52E9B00B501B6 /* Yacht.app */;
			productType = "com.apple.product-type.application";
		};
		7F2891D928B52EA000B501B6 /* YachtTests */ = {
			isa = PBXNativeTarget;
			buildConfigurationList = 7F2891F128B52EA000B501B6 /* Build configuration list for PBXNativeTarget "YachtTests" */;
			buildPhases = (
				7F2891D628B52EA000B501B6 /* Sources */,
				7F2891D728B52EA000B501B6 /* Frameworks */,
				7F2891D828B52EA000B501B6 /* Resources */,
			);
			buildRules = (
			);
			dependencies = (
				7F2891DC28B52EA000B501B6 /* PBXTargetDependency */,
			);
			name = YachtTests;
			productName = YachtTests;
			productReference = 7F2891DA28B52EA000B501B6 /* YachtTests.xctest */;
			productType = "com.apple.product-type.bundle.unit-test";
		};
		7F2891E328B52EA000B501B6 /* YachtUITests */ = {
			isa = PBXNativeTarget;
			buildConfigurationList = 7F2891F428B52EA000B501B6 /* Build configuration list for PBXNativeTarget "YachtUITests" */;
			buildPhases = (
				7F2891E028B52EA000B501B6 /* Sources */,
				7F2891E128B52EA000B501B6 /* Frameworks */,
				7F2891E228B52EA000B501B6 /* Resources */,
			);
			buildRules = (
			);
			dependencies = (
				7F2891E628B52EA000B501B6 /* PBXTargetDependency */,
			);
			name = YachtUITests;
			productName = YachtUITests;
			productReference = 7F2891E428B52EA000B501B6 /* YachtUITests.xctest */;
			productType = "com.apple.product-type.bundle.ui-testing";
		};
/* End PBXNativeTarget section */

/* Begin PBXProject section */
		7F2891B928B52E9B00B501B6 /* Project object */ = {
			isa = PBXProject;
			attributes = {
				BuildIndependentTargetsInParallel = 1;
				LastSwiftUpdateCheck = 1330;
				LastUpgradeCheck = 1330;
				TargetAttributes = {
					7F2891C028B52E9B00B501B6 = {
						CreatedOnToolsVersion = 13.3.1;
					};
					7F2891D928B52EA000B501B6 = {
						CreatedOnToolsVersion = 13.3.1;
						TestTargetID = 7F2891C028B52E9B00B501B6;
					};
					7F2891E328B52EA000B501B6 = {
						CreatedOnToolsVersion = 13.3.1;
						TestTargetID = 7F2891C028B52E9B00B501B6;
					};
				};
			};
			buildConfigurationList = 7F2891BC28B52E9B00B501B6 /* Build configuration list for PBXProject "Yacht" */;
			compatibilityVersion = "Xcode 13.0";
			developmentRegion = en;
			hasScannedForEncodings = 0;
			knownRegions = (
				en,
				Base,
			);
			mainGroup = 7F2891B828B52E9B00B501B6;
			productRefGroup = 7F2891C228B52E9B00B501B6 /* Products */;
			projectDirPath = "";
			projectRoot = "";
			targets = (
				7F2891C028B52E9B00B501B6 /* Yacht */,
				7F2891D928B52EA000B501B6 /* YachtTests */,
				7F2891E328B52EA000B501B6 /* YachtUITests */,
			);
		};
/* End PBXProject section */

/* Begin PBXResourcesBuildPhase section */
		7F2891BF28B52E9B00B501B6 /* Resources */ = {
			isa = PBXResourcesBuildPhase;
			buildActionMask = 2147483647;
			files = (
				7F2891D428B52EA000B501B6 /* LaunchScreen.storyboard in Resources */,
				7F2891D128B52EA000B501B6 /* Assets.xcassets in Resources */,
				7F0E3A9028BFF9A70024FDB8 /* ToastView.xib in Resources */,
				7F28920428B5346200B501B6 /* Akkurat-Light-Italic.otf in Resources */,
				7F28920028B5346200B501B6 /* BookmaniaRegular.otf in Resources */,
				7F28920228B5346200B501B6 /* Akkurat-Regular.ttf in Resources */,
				7F28920328B5346200B501B6 /* Akkurat-Bold.otf in Resources */,
				7F5F834828B7A7FA008B8EDB /* Addresses.storyboard in Resources */,
				7F5F834E28B7C461008B8EDB /* EulerDepositCollectionViewCell.xib in Resources */,
				7F28920528B5346200B501B6 /* Akkurat-Bold-Italic.otf in Resources */,
				7F28920128B5346200B501B6 /* Akkurat-Light.otf in Resources */,
				7F5F835028B7C47D008B8EDB /* EulerLoanCollectionViewCell.xib in Resources */,
				7F2891CC28B52E9B00B501B6 /* EnterAddressFlow.storyboard in Resources */,
				7F5F836628B8482E008B8EDB /* Settings.storyboard in Resources */,
			);
			runOnlyForDeploymentPostprocessing = 0;
		};
		7F2891D828B52EA000B501B6 /* Resources */ = {
			isa = PBXResourcesBuildPhase;
			buildActionMask = 2147483647;
			files = (
			);
			runOnlyForDeploymentPostprocessing = 0;
		};
		7F2891E228B52EA000B501B6 /* Resources */ = {
			isa = PBXResourcesBuildPhase;
			buildActionMask = 2147483647;
			files = (
			);
			runOnlyForDeploymentPostprocessing = 0;
		};
/* End PBXResourcesBuildPhase section */

/* Begin PBXSourcesBuildPhase section */
		7F2891BD28B52E9B00B501B6 /* Sources */ = {
			isa = PBXSourcesBuildPhase;
			buildActionMask = 2147483647;
			files = (
				7F5F834628B70DD0008B8EDB /* AddressesListViewController.swift in Sources */,
				7FEA2D8428C7ED6000FF6DAB /* CopyAddressTableViewCell.swift in Sources */,
				7F0E3A8E28BFF9A20024FDB8 /* ToastView.swift in Sources */,
				7F0E3A8428BFAF730024FDB8 /* ActiveNotificationsViewController.swift in Sources */,
				7F5F837D28B947BD008B8EDB /* EulerToken.swift in Sources */,
				7F0E3A9228C2ADBB0024FDB8 /* EmptyNotificationTableViewCell.swift in Sources */,
				7F5F837828B91C91008B8EDB /* LocalStorageManager.swift in Sources */,
				7F5F838628B94B69008B8EDB /* URLParameterEncoder.swift in Sources */,
				7F5F839628B94B9A008B8EDB /* Router.swift in Sources */,
				7F5F835E28B7E5C2008B8EDB /* AssetTableViewCell.swift in Sources */,
				7F5F835628B7C850008B8EDB /* LendingDepositTableViewCell.swift in Sources */,
				7F5F836A28B84908008B8EDB /* SettingsViewController.swift in Sources */,
				7F5F836028B80EDC008B8EDB /* HealthNotificationViewController.swift in Sources */,
				7F5F836D28B84951008B8EDB /* HomeViewController.swift in Sources */,
				7F5F83AC28BE712D008B8EDB /* SetIRNotificationViewController.swift in Sources */,
				7F5F838C28B94B87008B8EDB /* NotificationServiceAPI.swift in Sources */,
				7F5F83A028B9B15E008B8EDB /* EulerNotificationIR.swift in Sources */,
				7F5F834B28B7C263008B8EDB /* AccountDetailViewController.swift in Sources */,
				7F2891C528B52E9B00B501B6 /* AppDelegate.swift in Sources */,
				7F28920B28B53A0000B501B6 /* QRScannerViewController.swift in Sources */,
				7F5F839C28B9671F008B8EDB /* Account.swift in Sources */,
				7F5F838728B94B69008B8EDB /* ParameterEncoding.swift in Sources */,
				7F5F839A28B94B9A008B8EDB /* NetworkRouter.swift in Sources */,
				7F5F839728B94B9A008B8EDB /* HTTPTask.swift in Sources */,
				7F0E3A8628BFB1220024FDB8 /* ActiveNotificationTableViewCell.swift in Sources */,
				7F5F839E28B9B04B008B8EDB /* EulerNotificationHealth.swift in Sources */,
				7F2891C728B52E9B00B501B6 /* SceneDelegate.swift in Sources */,
				7F5F839028B94B8F008B8EDB /* NetworkManager.swift in Sources */,
				7F5F83A228BCFEE2008B8EDB /* EulerLoan.swift in Sources */,
				7F5F836428B82AA5008B8EDB /* IRNotificationViewController.swift in Sources */,
				7F5F837128B90B85008B8EDB /* SettingNotificationTableViewCell.swift in Sources */,
				7F5F839828B94B9A008B8EDB /* EndPointType.swift in Sources */,
				7F5F83A628BE658D008B8EDB /* SupplyNotificationViewController.swift in Sources */,
				7F5F839928B94B9A008B8EDB /* HTTPMethod.swift in Sources */,
				7F2891CF28B52E9B00B501B6 /* Yacht.xcdatamodeld in Sources */,
				7F5F835428B7C75F008B8EDB /* EulerLoanCollectionViewCell.swift in Sources */,
				7F5F83A428BD0586008B8EDB /* EulerAccount.swift in Sources */,
				7F5F836F28B90B75008B8EDB /* SettingNetworkTableViewCell.swift in Sources */,
				7F5F833E28B6C4F3008B8EDB /* EnterNicknameViewController.swift in Sources */,
				7F5F838828B94B69008B8EDB /* JSONParameterEncoder.swift in Sources */,
				7F5F837328B91963008B8EDB /* NetworkSelectTableViewCell.swift in Sources */,
				7F5F835228B7C5E4008B8EDB /* EulerDepositCollectionViewCell.swift in Sources */,
				7F28920828B5394900B501B6 /* EnterAddressViewController.swift in Sources */,
				7F5F837528B91A65008B8EDB /* NetworkSelectViewController.swift in Sources */,
				7F5F83AA28BE70A3008B8EDB /* NotifyThresholdTableViewCell.swift in Sources */,
				7F5F835828B7C856008B8EDB /* LendingLoanTableViewCell.swift in Sources */,
				7FEA2D8228C7B71900FF6DAB /* SearchTableViewCell.swift in Sources */,
				7F5F834428B70D5F008B8EDB /* AddressTableViewCell.swift in Sources */,
				7FEA2D8628CA50D500FF6DAB /* SubAccountSelectViewController.swift in Sources */,
				7F5F835A28B7CBA6008B8EDB /* Helpers.swift in Sources */,
				7F5F835C28B7D628008B8EDB /* HealthScoreTableViewCell.swift in Sources */,
				7F5F833C28B6BC21008B8EDB /* Constants.swift in Sources */,
				7F0E3A8828BFDC2D0024FDB8 /* UINavigationControllerExtension.swift in Sources */,
			);
			runOnlyForDeploymentPostprocessing = 0;
		};
		7F2891D628B52EA000B501B6 /* Sources */ = {
			isa = PBXSourcesBuildPhase;
			buildActionMask = 2147483647;
			files = (
				7F5F833728B66358008B8EDB /* EnterAddressViewControllerTests.swift in Sources */,
				7F2891DF28B52EA000B501B6 /* YachtTests.swift in Sources */,
			);
			runOnlyForDeploymentPostprocessing = 0;
		};
		7F2891E028B52EA000B501B6 /* Sources */ = {
			isa = PBXSourcesBuildPhase;
			buildActionMask = 2147483647;
			files = (
				7F2891EB28B52EA000B501B6 /* YachtUITestsLaunchTests.swift in Sources */,
				7F2891E928B52EA000B501B6 /* YachtUITests.swift in Sources */,
			);
			runOnlyForDeploymentPostprocessing = 0;
		};
/* End PBXSourcesBuildPhase section */

/* Begin PBXTargetDependency section */
		7F2891DC28B52EA000B501B6 /* PBXTargetDependency */ = {
			isa = PBXTargetDependency;
			target = 7F2891C028B52E9B00B501B6 /* Yacht */;
			targetProxy = 7F2891DB28B52EA000B501B6 /* PBXContainerItemProxy */;
		};
		7F2891E628B52EA000B501B6 /* PBXTargetDependency */ = {
			isa = PBXTargetDependency;
			target = 7F2891C028B52E9B00B501B6 /* Yacht */;
			targetProxy = 7F2891E528B52EA000B501B6 /* PBXContainerItemProxy */;
		};
/* End PBXTargetDependency section */

/* Begin PBXVariantGroup section */
		7F2891CA28B52E9B00B501B6 /* EnterAddressFlow.storyboard */ = {
			isa = PBXVariantGroup;
			children = (
				7F2891CB28B52E9B00B501B6 /* Base */,
			);
			name = EnterAddressFlow.storyboard;
			sourceTree = "<group>";
		};
		7F2891D228B52EA000B501B6 /* LaunchScreen.storyboard */ = {
			isa = PBXVariantGroup;
			children = (
				7F2891D328B52EA000B501B6 /* Base */,
			);
			name = LaunchScreen.storyboard;
			sourceTree = "<group>";
		};
/* End PBXVariantGroup section */

/* Begin XCBuildConfiguration section */
		7F2891EC28B52EA000B501B6 /* Debug */ = {
			isa = XCBuildConfiguration;
			buildSettings = {
				ALWAYS_SEARCH_USER_PATHS = NO;
				CLANG_ANALYZER_NONNULL = YES;
				CLANG_ANALYZER_NUMBER_OBJECT_CONVERSION = YES_AGGRESSIVE;
				CLANG_CXX_LANGUAGE_STANDARD = "gnu++17";
				CLANG_ENABLE_MODULES = YES;
				CLANG_ENABLE_OBJC_ARC = YES;
				CLANG_ENABLE_OBJC_WEAK = YES;
				CLANG_WARN_BLOCK_CAPTURE_AUTORELEASING = YES;
				CLANG_WARN_BOOL_CONVERSION = YES;
				CLANG_WARN_COMMA = YES;
				CLANG_WARN_CONSTANT_CONVERSION = YES;
				CLANG_WARN_DEPRECATED_OBJC_IMPLEMENTATIONS = YES;
				CLANG_WARN_DIRECT_OBJC_ISA_USAGE = YES_ERROR;
				CLANG_WARN_DOCUMENTATION_COMMENTS = YES;
				CLANG_WARN_EMPTY_BODY = YES;
				CLANG_WARN_ENUM_CONVERSION = YES;
				CLANG_WARN_INFINITE_RECURSION = YES;
				CLANG_WARN_INT_CONVERSION = YES;
				CLANG_WARN_NON_LITERAL_NULL_CONVERSION = YES;
				CLANG_WARN_OBJC_IMPLICIT_RETAIN_SELF = YES;
				CLANG_WARN_OBJC_LITERAL_CONVERSION = YES;
				CLANG_WARN_OBJC_ROOT_CLASS = YES_ERROR;
				CLANG_WARN_QUOTED_INCLUDE_IN_FRAMEWORK_HEADER = YES;
				CLANG_WARN_RANGE_LOOP_ANALYSIS = YES;
				CLANG_WARN_STRICT_PROTOTYPES = YES;
				CLANG_WARN_SUSPICIOUS_MOVE = YES;
				CLANG_WARN_UNGUARDED_AVAILABILITY = YES_AGGRESSIVE;
				CLANG_WARN_UNREACHABLE_CODE = YES;
				CLANG_WARN__DUPLICATE_METHOD_MATCH = YES;
				COPY_PHASE_STRIP = NO;
				DEBUG_INFORMATION_FORMAT = dwarf;
				ENABLE_STRICT_OBJC_MSGSEND = YES;
				ENABLE_TESTABILITY = YES;
				GCC_C_LANGUAGE_STANDARD = gnu11;
				GCC_DYNAMIC_NO_PIC = NO;
				GCC_NO_COMMON_BLOCKS = YES;
				GCC_OPTIMIZATION_LEVEL = 0;
				GCC_PREPROCESSOR_DEFINITIONS = (
					"DEBUG=1",
					"$(inherited)",
				);
				GCC_WARN_64_TO_32_BIT_CONVERSION = YES;
				GCC_WARN_ABOUT_RETURN_TYPE = YES_ERROR;
				GCC_WARN_UNDECLARED_SELECTOR = YES;
				GCC_WARN_UNINITIALIZED_AUTOS = YES_AGGRESSIVE;
				GCC_WARN_UNUSED_FUNCTION = YES;
				GCC_WARN_UNUSED_VARIABLE = YES;
				IPHONEOS_DEPLOYMENT_TARGET = 15.4;
				MTL_ENABLE_DEBUG_INFO = INCLUDE_SOURCE;
				MTL_FAST_MATH = YES;
				ONLY_ACTIVE_ARCH = YES;
				SDKROOT = iphoneos;
				SWIFT_ACTIVE_COMPILATION_CONDITIONS = DEBUG;
				SWIFT_OPTIMIZATION_LEVEL = "-Onone";
			};
			name = Debug;
		};
		7F2891ED28B52EA000B501B6 /* Release */ = {
			isa = XCBuildConfiguration;
			buildSettings = {
				ALWAYS_SEARCH_USER_PATHS = NO;
				CLANG_ANALYZER_NONNULL = YES;
				CLANG_ANALYZER_NUMBER_OBJECT_CONVERSION = YES_AGGRESSIVE;
				CLANG_CXX_LANGUAGE_STANDARD = "gnu++17";
				CLANG_ENABLE_MODULES = YES;
				CLANG_ENABLE_OBJC_ARC = YES;
				CLANG_ENABLE_OBJC_WEAK = YES;
				CLANG_WARN_BLOCK_CAPTURE_AUTORELEASING = YES;
				CLANG_WARN_BOOL_CONVERSION = YES;
				CLANG_WARN_COMMA = YES;
				CLANG_WARN_CONSTANT_CONVERSION = YES;
				CLANG_WARN_DEPRECATED_OBJC_IMPLEMENTATIONS = YES;
				CLANG_WARN_DIRECT_OBJC_ISA_USAGE = YES_ERROR;
				CLANG_WARN_DOCUMENTATION_COMMENTS = YES;
				CLANG_WARN_EMPTY_BODY = YES;
				CLANG_WARN_ENUM_CONVERSION = YES;
				CLANG_WARN_INFINITE_RECURSION = YES;
				CLANG_WARN_INT_CONVERSION = YES;
				CLANG_WARN_NON_LITERAL_NULL_CONVERSION = YES;
				CLANG_WARN_OBJC_IMPLICIT_RETAIN_SELF = YES;
				CLANG_WARN_OBJC_LITERAL_CONVERSION = YES;
				CLANG_WARN_OBJC_ROOT_CLASS = YES_ERROR;
				CLANG_WARN_QUOTED_INCLUDE_IN_FRAMEWORK_HEADER = YES;
				CLANG_WARN_RANGE_LOOP_ANALYSIS = YES;
				CLANG_WARN_STRICT_PROTOTYPES = YES;
				CLANG_WARN_SUSPICIOUS_MOVE = YES;
				CLANG_WARN_UNGUARDED_AVAILABILITY = YES_AGGRESSIVE;
				CLANG_WARN_UNREACHABLE_CODE = YES;
				CLANG_WARN__DUPLICATE_METHOD_MATCH = YES;
				COPY_PHASE_STRIP = NO;
				DEBUG_INFORMATION_FORMAT = "dwarf-with-dsym";
				ENABLE_NS_ASSERTIONS = NO;
				ENABLE_STRICT_OBJC_MSGSEND = YES;
				GCC_C_LANGUAGE_STANDARD = gnu11;
				GCC_NO_COMMON_BLOCKS = YES;
				GCC_WARN_64_TO_32_BIT_CONVERSION = YES;
				GCC_WARN_ABOUT_RETURN_TYPE = YES_ERROR;
				GCC_WARN_UNDECLARED_SELECTOR = YES;
				GCC_WARN_UNINITIALIZED_AUTOS = YES_AGGRESSIVE;
				GCC_WARN_UNUSED_FUNCTION = YES;
				GCC_WARN_UNUSED_VARIABLE = YES;
				IPHONEOS_DEPLOYMENT_TARGET = 15.4;
				MTL_ENABLE_DEBUG_INFO = NO;
				MTL_FAST_MATH = YES;
				SDKROOT = iphoneos;
				SWIFT_COMPILATION_MODE = wholemodule;
				SWIFT_OPTIMIZATION_LEVEL = "-O";
				VALIDATE_PRODUCT = YES;
			};
			name = Release;
		};
		7F2891EF28B52EA000B501B6 /* Debug */ = {
			isa = XCBuildConfiguration;
			buildSettings = {
				ASSETCATALOG_COMPILER_APPICON_NAME = AppIcon;
				ASSETCATALOG_COMPILER_GLOBAL_ACCENT_COLOR_NAME = AccentColor;
				CODE_SIGN_ENTITLEMENTS = Yacht/Yacht.entitlements;
				CODE_SIGN_STYLE = Automatic;
				CURRENT_PROJECT_VERSION = 1;
				DEVELOPMENT_TEAM = 5L887TA4YC;
				GENERATE_INFOPLIST_FILE = YES;
				INFOPLIST_FILE = Yacht/Info.plist;
				INFOPLIST_KEY_CFBundleDisplayName = Yacht;
				INFOPLIST_KEY_NSCameraUsageDescription = "We use the camera to scan address QR codes";
				INFOPLIST_KEY_UIApplicationSupportsIndirectInputEvents = YES;
				INFOPLIST_KEY_UILaunchStoryboardName = LaunchScreen;
				INFOPLIST_KEY_UIMainStoryboardFile = EnterAddressFlow;
				INFOPLIST_KEY_UISupportedInterfaceOrientations = UIInterfaceOrientationPortrait;
				INFOPLIST_KEY_UISupportedInterfaceOrientations_iPad = "UIInterfaceOrientationPortrait UIInterfaceOrientationPortraitUpsideDown UIInterfaceOrientationLandscapeLeft UIInterfaceOrientationLandscapeRight";
				INFOPLIST_KEY_UISupportedInterfaceOrientations_iPhone = "UIInterfaceOrientationPortrait UIInterfaceOrientationLandscapeLeft UIInterfaceOrientationLandscapeRight";
				INFOPLIST_KEY_UIUserInterfaceStyle = Light;
				IPHONEOS_DEPLOYMENT_TARGET = 14.0;
				LD_RUNPATH_SEARCH_PATHS = (
					"$(inherited)",
					"@executable_path/Frameworks",
				);
				MARKETING_VERSION = 1.0;
				PRODUCT_BUNDLE_IDENTIFIER = com.YachtLabs.Yacht;
				PRODUCT_NAME = "$(TARGET_NAME)";
				SWIFT_EMIT_LOC_STRINGS = YES;
				SWIFT_VERSION = 5.0;
				TARGETED_DEVICE_FAMILY = "1,2";
			};
			name = Debug;
		};
		7F2891F028B52EA000B501B6 /* Release */ = {
			isa = XCBuildConfiguration;
			buildSettings = {
				ASSETCATALOG_COMPILER_APPICON_NAME = AppIcon;
				ASSETCATALOG_COMPILER_GLOBAL_ACCENT_COLOR_NAME = AccentColor;
				CODE_SIGN_ENTITLEMENTS = Yacht/Yacht.entitlements;
				CODE_SIGN_STYLE = Automatic;
				CURRENT_PROJECT_VERSION = 1;
				DEVELOPMENT_TEAM = 5L887TA4YC;
				GENERATE_INFOPLIST_FILE = YES;
				INFOPLIST_FILE = Yacht/Info.plist;
				INFOPLIST_KEY_CFBundleDisplayName = Yacht;
				INFOPLIST_KEY_NSCameraUsageDescription = "We use the camera to scan address QR codes";
				INFOPLIST_KEY_UIApplicationSupportsIndirectInputEvents = YES;
				INFOPLIST_KEY_UILaunchStoryboardName = LaunchScreen;
				INFOPLIST_KEY_UIMainStoryboardFile = EnterAddressFlow;
				INFOPLIST_KEY_UISupportedInterfaceOrientations = UIInterfaceOrientationPortrait;
				INFOPLIST_KEY_UISupportedInterfaceOrientations_iPad = "UIInterfaceOrientationPortrait UIInterfaceOrientationPortraitUpsideDown UIInterfaceOrientationLandscapeLeft UIInterfaceOrientationLandscapeRight";
				INFOPLIST_KEY_UISupportedInterfaceOrientations_iPhone = "UIInterfaceOrientationPortrait UIInterfaceOrientationLandscapeLeft UIInterfaceOrientationLandscapeRight";
				INFOPLIST_KEY_UIUserInterfaceStyle = Light;
				IPHONEOS_DEPLOYMENT_TARGET = 14.0;
				LD_RUNPATH_SEARCH_PATHS = (
					"$(inherited)",
					"@executable_path/Frameworks",
				);
				MARKETING_VERSION = 1.0;
				PRODUCT_BUNDLE_IDENTIFIER = com.YachtLabs.Yacht;
				PRODUCT_NAME = "$(TARGET_NAME)";
				SWIFT_EMIT_LOC_STRINGS = YES;
				SWIFT_VERSION = 5.0;
				TARGETED_DEVICE_FAMILY = "1,2";
			};
			name = Release;
		};
		7F2891F228B52EA000B501B6 /* Debug */ = {
			isa = XCBuildConfiguration;
			buildSettings = {
				ALWAYS_EMBED_SWIFT_STANDARD_LIBRARIES = YES;
				BUNDLE_LOADER = "$(TEST_HOST)";
				CODE_SIGN_STYLE = Automatic;
				CURRENT_PROJECT_VERSION = 1;
				DEVELOPMENT_TEAM = 5L887TA4YC;
				GENERATE_INFOPLIST_FILE = YES;
				IPHONEOS_DEPLOYMENT_TARGET = 15.4;
				MARKETING_VERSION = 1.0;
				PRODUCT_BUNDLE_IDENTIFIER = com.YachtLabs.YachtTests;
				PRODUCT_NAME = "$(TARGET_NAME)";
				SWIFT_EMIT_LOC_STRINGS = NO;
				SWIFT_VERSION = 5.0;
				TARGETED_DEVICE_FAMILY = "1,2";
				TEST_HOST = "$(BUILT_PRODUCTS_DIR)/Yacht.app/Yacht";
			};
			name = Debug;
		};
		7F2891F328B52EA000B501B6 /* Release */ = {
			isa = XCBuildConfiguration;
			buildSettings = {
				ALWAYS_EMBED_SWIFT_STANDARD_LIBRARIES = YES;
				BUNDLE_LOADER = "$(TEST_HOST)";
				CODE_SIGN_STYLE = Automatic;
				CURRENT_PROJECT_VERSION = 1;
				DEVELOPMENT_TEAM = 5L887TA4YC;
				GENERATE_INFOPLIST_FILE = YES;
				IPHONEOS_DEPLOYMENT_TARGET = 15.4;
				MARKETING_VERSION = 1.0;
				PRODUCT_BUNDLE_IDENTIFIER = com.YachtLabs.YachtTests;
				PRODUCT_NAME = "$(TARGET_NAME)";
				SWIFT_EMIT_LOC_STRINGS = NO;
				SWIFT_VERSION = 5.0;
				TARGETED_DEVICE_FAMILY = "1,2";
				TEST_HOST = "$(BUILT_PRODUCTS_DIR)/Yacht.app/Yacht";
			};
			name = Release;
		};
		7F2891F528B52EA000B501B6 /* Debug */ = {
			isa = XCBuildConfiguration;
			buildSettings = {
				ALWAYS_EMBED_SWIFT_STANDARD_LIBRARIES = YES;
				CODE_SIGN_STYLE = Automatic;
				CURRENT_PROJECT_VERSION = 1;
				DEVELOPMENT_TEAM = 5L887TA4YC;
				GENERATE_INFOPLIST_FILE = YES;
				MARKETING_VERSION = 1.0;
				PRODUCT_BUNDLE_IDENTIFIER = com.YachtLabs.YachtUITests;
				PRODUCT_NAME = "$(TARGET_NAME)";
				SWIFT_EMIT_LOC_STRINGS = NO;
				SWIFT_VERSION = 5.0;
				TARGETED_DEVICE_FAMILY = "1,2";
				TEST_TARGET_NAME = Yacht;
			};
			name = Debug;
		};
		7F2891F628B52EA000B501B6 /* Release */ = {
			isa = XCBuildConfiguration;
			buildSettings = {
				ALWAYS_EMBED_SWIFT_STANDARD_LIBRARIES = YES;
				CODE_SIGN_STYLE = Automatic;
				CURRENT_PROJECT_VERSION = 1;
				DEVELOPMENT_TEAM = 5L887TA4YC;
				GENERATE_INFOPLIST_FILE = YES;
				MARKETING_VERSION = 1.0;
				PRODUCT_BUNDLE_IDENTIFIER = com.YachtLabs.YachtUITests;
				PRODUCT_NAME = "$(TARGET_NAME)";
				SWIFT_EMIT_LOC_STRINGS = NO;
				SWIFT_VERSION = 5.0;
				TARGETED_DEVICE_FAMILY = "1,2";
				TEST_TARGET_NAME = Yacht;
			};
			name = Release;
		};
/* End XCBuildConfiguration section */

/* Begin XCConfigurationList section */
		7F2891BC28B52E9B00B501B6 /* Build configuration list for PBXProject "Yacht" */ = {
			isa = XCConfigurationList;
			buildConfigurations = (
				7F2891EC28B52EA000B501B6 /* Debug */,
				7F2891ED28B52EA000B501B6 /* Release */,
			);
			defaultConfigurationIsVisible = 0;
			defaultConfigurationName = Release;
		};
		7F2891EE28B52EA000B501B6 /* Build configuration list for PBXNativeTarget "Yacht" */ = {
			isa = XCConfigurationList;
			buildConfigurations = (
				7F2891EF28B52EA000B501B6 /* Debug */,
				7F2891F028B52EA000B501B6 /* Release */,
			);
			defaultConfigurationIsVisible = 0;
			defaultConfigurationName = Release;
		};
		7F2891F128B52EA000B501B6 /* Build configuration list for PBXNativeTarget "YachtTests" */ = {
			isa = XCConfigurationList;
			buildConfigurations = (
				7F2891F228B52EA000B501B6 /* Debug */,
				7F2891F328B52EA000B501B6 /* Release */,
			);
			defaultConfigurationIsVisible = 0;
			defaultConfigurationName = Release;
		};
		7F2891F428B52EA000B501B6 /* Build configuration list for PBXNativeTarget "YachtUITests" */ = {
			isa = XCConfigurationList;
			buildConfigurations = (
				7F2891F528B52EA000B501B6 /* Debug */,
				7F2891F628B52EA000B501B6 /* Release */,
			);
			defaultConfigurationIsVisible = 0;
			defaultConfigurationName = Release;
		};
/* End XCConfigurationList section */

/* Begin XCVersionGroup section */
		7F2891CD28B52E9B00B501B6 /* Yacht.xcdatamodeld */ = {
			isa = XCVersionGroup;
			children = (
				7F2891CE28B52E9B00B501B6 /* Yacht.xcdatamodel */,
			);
			currentVersion = 7F2891CE28B52E9B00B501B6 /* Yacht.xcdatamodel */;
			path = Yacht.xcdatamodeld;
			sourceTree = "<group>";
			versionGroupType = wrapper.xcdatamodel;
		};
/* End XCVersionGroup section */
	};
	rootObject = 7F2891B928B52E9B00B501B6 /* Project object */;
}
